{
  "name": "tools",
  "version": "1.0.0",
  "lockfileVersion": 3,
  "requires": true,
  "packages": {
    "": {
      "name": "tools",
      "version": "1.0.0",
      "license": "ISC",
      "dependencies": {
        "@hebcal/core": "^6.9.1",
        "@hebcal/leyning": "^10.0.0"
      }
    },
    "node_modules/@hebcal/core": {
      "version": "6.9.1",
      "resolved": "https://registry.npmjs.org/@hebcal/core/-/core-6.9.1.tgz",
      "integrity": "sha512-G9l5W23conLriHi5SE1oDg3VdLJjwYbij6YgDQPc+w5ZxzMOnOz4KFAuqqVaEyQisrX6xaPa5eKI4kr1nUoCwQ==",
      "license": "GPL-2.0",
      "dependencies": {
        "@hebcal/hdate": "^0.22.7",
        "@hebcal/noaa": "^0.12.2",
        "quick-lru": "^7.3.0",
        "temporal-polyfill": "^1.0.2"
      },
      "engines": {
        "node": ">= 18"
      }
    },
    "node_modules/@hebcal/hdate": {
      "version": "0.22.7",
      "resolved": "https://registry.npmjs.org/@hebcal/hdate/-/hdate-0.22.7.tgz",
      "integrity": "sha512-LjBQ1Q29Akpq8mkSmHZCh4kP5R1VlfzZqNke0CjjyFzewcT+6/IiHZGJdsf8nFJg7Q4cyyWgNLuapNQ+3mLedQ==",
      "license": "GPL-2.0"
    },
    "node_modules/@hebcal/leyning": {
      "version": "10.0.0",
      "resolved": "https://registry.npmjs.org/@hebcal/leyning/-/leyning-10.0.0.tgz",
      "integrity": "sha512-B01Pw41i+RoVsVvXE4Twd+vFX+1A3HFvueYVG3U0TDAlUqBsDrF046Kc0OEN9eDSigHSfBnt3JTAL9oOJvM59w==",
      "license": "BSD-2-Clause",
      "dependencies": {
        "@hebcal/core": "^6.9.1",
        "@hebcal/hdate": "^0.22.7"
      },
      "engines": {
        "node": ">=18"
      }
    },
    "node_modules/@hebcal/noaa": {
      "version": "0.12.2",
      "resolved": "https://registry.npmjs.org/@hebcal/noaa/-/noaa-0.12.2.tgz",
      "integrity": "sha512-z33DafEkf0baFjUnmYaWSgB5bEGoiUkSr7PSB+5x+0M6Kw+/no8Uin3IfbgOt0TiPfxUpa0ZNUX/drbAN+aeUA==",
      "license": "LGPL-2.1",
      "dependencies": {
        "temporal-polyfill": "^1.0.2"
      },
      "engines": {
        "node": ">=18"
      }
    },
    "node_modules/quick-lru": {
      "version": "7.3.0",
      "resolved": "https://registry.npmjs.org/quick-lru/-/quick-lru-7.3.0.tgz",
      "integrity": "sha512-k9lSsjl36EJdK7I06v7APZCbyGT2vMTsYSRX1Q2nbYmnkBqgUhRkAuzH08Ciotteu/PLJmIF2+tti7o3C/ts2g==",
      "license": "MIT",
      "engines": {
        "node": ">=18"
      },
      "funding": {
        "url": "https://github.com/sponsors/sindresorhus"
      }
    },
    "node_modules/temporal-polyfill": {
      "version": "1.0.3",
      "resolved": "https://registry.npmjs.org/temporal-polyfill/-/temporal-polyfill-1.0.3.tgz",
      "integrity": "sha512-U8vuzZBc+dfMIfl8wXWcedfI7AJCxJjjVBIRpJUvIz5+UAp555UJDHguKsfZqHWaHRSdVUThm7mqqIWhN/xPBQ==",
      "license": "MIT",
      "dependencies": {
        "temporal-spec": "1.0.1",
        "temporal-utils": "1.0.1"
      }
    },
    "node_modules/temporal-spec": {
      "version": "1.0.1",
      "resolved": "https://registry.npmjs.org/temporal-spec/-/temporal-spec-1.0.1.tgz",
      "integrity": "sha512-wxVoanmDeavXie1vu2JaQ3WIc3JZnWAOYFBsJyATaVsXsycKYUflGsyBmrRSnoCpZJpwPyr38VpgSUlQ8CbFxg==",
      "license": "Apache-2.0"
    },
    "node_modules/temporal-utils": {
      "version": "1.0.1",
      "resolved": "https://registry.npmjs.org/temporal-utils/-/temporal-utils-1.0.1.tgz",
      "integrity": "sha512-HAixuesxFQIUaQk3ptX2jhfO/FsOkgVkDDMawvp6n/fkB1q6BKfs3lURw9I+pK/2e2e/q/vrLrxmeqauBoyGMQ==",
      "license": "MIT"
    }
  }
}
